
Microsoft Visual Studio Solution File, Format Version 12.00
# Visual Studio 15
VisualStudioVersion = 15.0.27004.2005
MinimumVisualStudioVersion = 10.0.40219.1
Project("{FAE04EC0-301F-11D3-BF4B-00C04F79EFBC}") = "Snake", "Snake\Snake.csproj", "{1019C26A-4212-4530-81FA-31AD0978A5CD}"
EndProject
Global
	GlobalSection(SolutionConfigurationPlatforms) = preSolution
		Debug|Any CPU = Debug|Any CPU
		Release|Any CPU = Release|Any CPU
	EndGlobalSection
	GlobalSection(ProjectConfigurationPlatforms) = postSolution
		{1019C26A-4212-4530-81FA-31AD0978A5CD}.Debug|Any CPU.ActiveCfg = Debug|Any CPU
		{1019C26A-4212-4530-81FA-31AD0978A5CD}.Debug|Any CPU.Build.0 = Debug|Any CPU
		{1019C26A-4212-4530-81FA-31AD0978A5CD}.Release|Any CPU.ActiveCfg = Release|Any CPU
		{1019C26A-4212-4530-81FA-31AD0978A5CD}.Release|Any CPU.Build.0 = Release|Any CPU
	EndGlobalSection
	GlobalSection(SolutionProperties) = preSolution
		HideSolutionNode = FALSE
	EndGlobalSection
	GlobalSection(ExtensibilityGlobals) = postSolution
		SolutionGuid = {76DD4337-1084-4D21-8F16-64E8E8021A47}
	EndGlobalSection
EndGlobal
